// !$*UTF8*$!
{
	archiveVersion = 1;
	classes = {
	};
	objectVersion = 46;
	objects = {

/* Begin PBXBuildFile section */
		376549C61C83281D001E5DA1 /* topic_news.json in Resources */ = {isa = PBXBuildFile; fileRef = 376549C51C83281D001E5DA1 /* topic_news.json */; };
		376549C91C832A22001E5DA1 /* QBHomeController.m in Sources */ = {isa = PBXBuildFile; fileRef = 376549C81C832A22001E5DA1 /* QBHomeController.m */; };
		376549CB1C832AAC001E5DA1 /* Home.storyboard in Resources */ = {isa = PBXBuildFile; fileRef = 376549CA1C832AAC001E5DA1 /* Home.storyboard */; };
		376549CE1C833245001E5DA1 /* QBChannelLabel.m in Sources */ = {isa = PBXBuildFile; fileRef = 376549CD1C833245001E5DA1 /* QBChannelLabel.m */; };
		376549D11C834132001E5DA1 /* QBChannelNewsCell.m in Sources */ = {isa = PBXBuildFile; fileRef = 376549D01C834132001E5DA1 /* QBChannelNewsCell.m */; };
		3789A3D31C81279900531BFB /* main.m in Sources */ = {isa = PBXBuildFile; fileRef = 3789A3D21C81279900531BFB /* main.m */; };
		3789A3D61C81279900531BFB /* AppDelegate.m in Sources */ = {isa = PBXBuildFile; fileRef = 3789A3D51C81279900531BFB /* AppDelegate.m */; };
		3789A3DE1C81279900531BFB /* Assets.xcassets in Resources */ = {isa = PBXBuildFile; fileRef = 3789A3DD1C81279900531BFB /* Assets.xcassets */; };
		3789A3E11C81279900531BFB /* LaunchScreen.storyboard in Resources */ = {isa = PBXBuildFile; fileRef = 3789A3DF1C81279900531BFB /* LaunchScreen.storyboard */; };
		3789A3F01C812A2000531BFB /* NSObject+Log.m in Sources */ = {isa = PBXBuildFile; fileRef = 3789A3EB1C812A2000531BFB /* NSObject+Log.m */; };
		3789A3F11C812A2000531BFB /* QBApiManager.m in Sources */ = {isa = PBXBuildFile; fileRef = 3789A3ED1C812A2000531BFB /* QBApiManager.m */; };
		3789A3F21C812A2000531BFB /* QBHTTPManager.m in Sources */ = {isa = PBXBuildFile; fileRef = 3789A3EF1C812A2000531BFB /* QBHTTPManager.m */; };
		3789A4061C812A2D00531BFB /* QBHeadLineController.m in Sources */ = {isa = PBXBuildFile; fileRef = 3789A3F61C812A2D00531BFB /* QBHeadLineController.m */; };
		3789A4071C812A2D00531BFB /* QBNewsController.m in Sources */ = {isa = PBXBuildFile; fileRef = 3789A3F81C812A2D00531BFB /* QBNewsController.m */; };
		3789A4081C812A2D00531BFB /* QBHeadLineModel.m in Sources */ = {isa = PBXBuildFile; fileRef = 3789A3FB1C812A2D00531BFB /* QBHeadLineModel.m */; };
		3789A4091C812A2D00531BFB /* QBNewsImageModel.m in Sources */ = {isa = PBXBuildFile; fileRef = 3789A3FD1C812A2D00531BFB /* QBNewsImageModel.m */; };
		3789A40A1C812A2D00531BFB /* QBNewsModel.m in Sources */ = {isa = PBXBuildFile; fileRef = 3789A3FF1C812A2D00531BFB /* QBNewsModel.m */; };
		3789A40B1C812A2D00531BFB /* News.storyboard in Resources */ = {isa = PBXBuildFile; fileRef = 3789A4011C812A2D00531BFB /* News.storyboard */; };
		3789A40C1C812A2D00531BFB /* QBHeadLineCell.m in Sources */ = {isa = PBXBuildFile; fileRef = 3789A4031C812A2D00531BFB /* QBHeadLineCell.m */; };
		3789A40D1C812A2D00531BFB /* QBNewsCell.m in Sources */ = {isa = PBXBuildFile; fileRef = 3789A4051C812A2D00531BFB /* QBNewsCell.m */; };
		3789A4171C81671200531BFB /* QBChannelModel.m in Sources */ = {isa = PBXBuildFile; fileRef = 3789A4151C81671200531BFB /* QBChannelModel.m */; };
		BD685CE0939F8B3AEF946773 /* libPods.a in Frameworks */ = {isa = PBXBuildFile; fileRef = E272C6EF892CAC5B57499175 /* libPods.a */; };
/* End PBXBuildFile section */

/* Begin PBXFileReference section */
		376549C51C83281D001E5DA1 /* topic_news.json */ = {isa = PBXFileReference; fileEncoding = 4; lastKnownFileType = text.json; path = topic_news.json; sourceTree = "<group>"; };
		376549C71C832A22001E5DA1 /* QBHomeController.h */ = {isa = PBXFileReference; fileEncoding = 4; lastKnownFileType = sourcecode.c.h; path = QBHomeController.h; sourceTree = "<group>"; };
		376549C81C832A22001E5DA1 /* QBHomeController.m */ = {isa = PBXFileReference; fileEncoding = 4; lastKnownFileType = sourcecode.c.objc; path = QBHomeController.m; sourceTree = "<group>"; };
		376549CA1C832AAC001E5DA1 /* Home.storyboard */ = {isa = PBXFileReference; fileEncoding = 4; lastKnownFileType = file.storyboard; path = Home.storyboard; sourceTree = "<group>"; };
		376549CC1C833245001E5DA1 /* QBChannelLabel.h */ = {isa = PBXFileReference; fileEncoding = 4; lastKnownFileType = sourcecode.c.h; path = QBChannelLabel.h; sourceTree = "<group>"; };
		376549CD1C833245001E5DA1 /* QBChannelLabel.m */ = {isa = PBXFileReference; fileEncoding = 4; lastKnownFileType = sourcecode.c.objc; path = QBChannelLabel.m; sourceTree = "<group>"; };
		376549CF1C834132001E5DA1 /* QBChannelNewsCell.h */ = {isa = PBXFileReference; fileEncoding = 4; lastKnownFileType = sourcecode.c.h; path = QBChannelNewsCell.h; sourceTree = "<group>"; };
		376549D01C834132001E5DA1 /* QBChannelNewsCell.m */ = {isa = PBXFileReference; fileEncoding = 4; lastKnownFileType = sourcecode.c.objc; path = QBChannelNewsCell.m; sourceTree = "<group>"; };
		3789A3CE1C81279900531BFB /* 网易新闻.app */ = {isa = PBXFileReference; explicitFileType = wrapper.application; includeInIndex = 0; path = "网易新闻.app"; sourceTree = BUILT_PRODUCTS_DIR; };
		3789A3D21C81279900531BFB /* main.m */ = {isa = PBXFileReference; lastKnownFileType = sourcecode.c.objc; path = main.m; sourceTree = "<group>"; };
		3789A3D41C81279900531BFB /* AppDelegate.h */ = {isa = PBXFileReference; lastKnownFileType = sourcecode.c.h; path = AppDelegate.h; sourceTree = "<group>"; };
		3789A3D51C81279900531BFB /* AppDelegate.m */ = {isa = PBXFileReference; lastKnownFileType = sourcecode.c.objc; path = AppDelegate.m; sourceTree = "<group>"; };
		3789A3DD1C81279900531BFB /* Assets.xcassets */ = {isa = PBXFileReference; lastKnownFileType = folder.assetcatalog; path = Assets.xcassets; sourceTree = "<group>"; };
		3789A3E01C81279900531BFB /* Base */ = {isa = PBXFileReference; lastKnownFileType = file.storyboard; name = Base; path = Base.lproj/LaunchScreen.storyboard; sourceTree = "<group>"; };
		3789A3E21C81279900531BFB /* Info.plist */ = {isa = PBXFileReference; lastKnownFileType = text.plist.xml; path = Info.plist; sourceTree = "<group>"; };
		3789A3EA1C812A2000531BFB /* NSObject+Log.h */ = {isa = PBXFileReference; fileEncoding = 4; lastKnownFileType = sourcecode.c.h; path = "NSObject+Log.h"; sourceTree = "<group>"; };
		3789A3EB1C812A2000531BFB /* NSObject+Log.m */ = {isa = PBXFileReference; fileEncoding = 4; lastKnownFileType = sourcecode.c.objc; path = "NSObject+Log.m"; sourceTree = "<group>"; };
		3789A3EC1C812A2000531BFB /* QBApiManager.h */ = {isa = PBXFileReference; fileEncoding = 4; lastKnownFileType = sourcecode.c.h; path = QBApiManager.h; sourceTree = "<group>"; };
		3789A3ED1C812A2000531BFB /* QBApiManager.m */ = {isa = PBXFileReference; fileEncoding = 4; lastKnownFileType = sourcecode.c.objc; path = QBApiManager.m; sourceTree = "<group>"; };
		3789A3EE1C812A2000531BFB /* QBHTTPManager.h */ = {isa = PBXFileReference; fileEncoding = 4; lastKnownFileType = sourcecode.c.h; path = QBHTTPManager.h; sourceTree = "<group>"; };
		3789A3EF1C812A2000531BFB /* QBHTTPManager.m */ = {isa = PBXFileReference; fileEncoding = 4; lastKnownFileType = sourcecode.c.objc; path = QBHTTPManager.m; sourceTree = "<group>"; };
		3789A3F51C812A2D00531BFB /* QBHeadLineController.h */ = {isa = PBXFileReference; fileEncoding = 4; lastKnownFileType = sourcecode.c.h; path = QBHeadLineController.h; sourceTree = "<group>"; };
		3789A3F61C812A2D00531BFB /* QBHeadLineController.m */ = {isa = PBXFileReference; fileEncoding = 4; lastKnownFileType = sourcecode.c.objc; path = QBHeadLineController.m; sourceTree = "<group>"; };
		3789A3F71C812A2D00531BFB /* QBNewsController.h */ = {isa = PBXFileReference; fileEncoding = 4; lastKnownFileType = sourcecode.c.h; path = QBNewsController.h; sourceTree = "<group>"; };
		3789A3F81C812A2D00531BFB /* QBNewsController.m */ = {isa = PBXFileReference; fileEncoding = 4; lastKnownFileType = sourcecode.c.objc; path = QBNewsController.m; sourceTree = "<group>"; };
		3789A3FA1C812A2D00531BFB /* QBHeadLineModel.h */ = {isa = PBXFileReference; fileEncoding = 4; lastKnownFileType = sourcecode.c.h; path = QBHeadLineModel.h; sourceTree = "<group>"; };
		3789A3FB1C812A2D00531BFB /* QBHeadLineModel.m */ = {isa = PBXFileReference; fileEncoding = 4; lastKnownFileType = sourcecode.c.objc; path = QBHeadLineModel.m; sourceTree = "<group>"; };
		3789A3FC1C812A2D00531BFB /* QBNewsImageModel.h */ = {isa = PBXFileReference; fileEncoding = 4; lastKnownFileType = sourcecode.c.h; path = QBNewsImageModel.h; sourceTree = "<group>"; };
		3789A3FD1C812A2D00531BFB /* QBNewsImageModel.m */ = {isa = PBXFileReference; fileEncoding = 4; lastKnownFileType = sourcecode.c.objc; path = QBNewsImageModel.m; sourceTree = "<group>"; };
		3789A3FE1C812A2D00531BFB /* QBNewsModel.h */ = {isa = PBXFileReference; fileEncoding = 4; lastKnownFileType = sourcecode.c.h; path = QBNewsModel.h; sourceTree = "<group>"; };
		3789A3FF1C812A2D00531BFB /* QBNewsModel.m */ = {isa = PBXFileReference; fileEncoding = 4; lastKnownFileType = sourcecode.c.objc; path = QBNewsModel.m; sourceTree = "<group>"; };
		3789A4011C812A2D00531BFB /* News.storyboard */ = {isa = PBXFileReference; fileEncoding = 4; lastKnownFileType = file.storyboard; path = News.storyboard; sourceTree = "<group>"; };
		3789A4021C812A2D00531BFB /* QBHeadLineCell.h */ = {isa = PBXFileReference; fileEncoding = 4; lastKnownFileType = sourcecode.c.h; path = QBHeadLineCell.h; sourceTree = "<group>"; };
		3789A4031C812A2D00531BFB /* QBHeadLineCell.m */ = {isa = PBXFileReference; fileEncoding = 4; lastKnownFileType = sourcecode.c.objc; path = QBHeadLineCell.m; sourceTree = "<group>"; };
		3789A4041C812A2D00531BFB /* QBNewsCell.h */ = {isa = PBXFileReference; fileEncoding = 4; lastKnownFileType = sourcecode.c.h; path = QBNewsCell.h; sourceTree = "<group>"; };
		3789A4051C812A2D00531BFB /* QBNewsCell.m */ = {isa = PBXFileReference; fileEncoding = 4; lastKnownFileType = sourcecode.c.objc; path = QBNewsCell.m; sourceTree = "<group>"; };
		3789A4141C81671200531BFB /* QBChannelModel.h */ = {isa = PBXFileReference; fileEncoding = 4; lastKnownFileType = sourcecode.c.h; path = QBChannelModel.h; sourceTree = "<group>"; };
		3789A4151C81671200531BFB /* QBChannelModel.m */ = {isa = PBXFileReference; fileEncoding = 4; lastKnownFileType = sourcecode.c.objc; path = QBChannelModel.m; sourceTree = "<group>"; };
		49779A1C2EFEAFB56A0C9181 /* Pods.debug.xcconfig */ = {isa = PBXFileReference; includeInIndex = 1; lastKnownFileType = text.xcconfig; name = Pods.debug.xcconfig; path = "Pods/Target Support Files/Pods/Pods.debug.xcconfig"; sourceTree = "<group>"; };
		E272C6EF892CAC5B57499175 /* libPods.a */ = {isa = PBXFileReference; explicitFileType = archive.ar; includeInIndex = 0; path = libPods.a; sourceTree = BUILT_PRODUCTS_DIR; };
		EEE6F4FDC7FE65CC1C6A99CB /* Pods.release.xcconfig */ = {isa = PBXFileReference; includeInIndex = 1; lastKnownFileType = text.xcconfig; name = Pods.release.xcconfig; path = "Pods/Target Support Files/Pods/Pods.release.xcconfig"; sourceTree = "<group>"; };
/* End PBXFileReference section */

/* Begin PBXFrameworksBuildPhase section */
		3789A3CB1C81279900531BFB /* Frameworks */ = {
			isa = PBXFrameworksBuildPhase;
			buildActionMask = 2147483647;
			files = (
				BD685CE0939F8B3AEF946773 /* libPods.a in Frameworks */,
			);
			runOnlyForDeploymentPostprocessing = 0;
		};
/* End PBXFrameworksBuildPhase section */

/* Begin PBXGroup section */
		35F98B52A17786C9FD4C233B /* Pods */ = {
			isa = PBXGroup;
			children = (
				49779A1C2EFEAFB56A0C9181 /* Pods.debug.xcconfig */,
				EEE6F4FDC7FE65CC1C6A99CB /* Pods.release.xcconfig */,
			);
			name = Pods;
			sourceTree = "<group>";
		};
		3789A3C51C81279900531BFB = {
			isa = PBXGroup;
			children = (
				3789A3D01C81279900531BFB /* 网易新闻 */,
				3789A3CF1C81279900531BFB /* Products */,
				35F98B52A17786C9FD4C233B /* Pods */,
				CEC31274C4606B58C76CBDDC /* Frameworks */,
			);
			sourceTree = "<group>";
		};
		3789A3CF1C81279900531BFB /* Products */ = {
			isa = PBXGroup;
			children = (
				3789A3CE1C81279900531BFB /* 网易新闻.app */,
			);
			name = Products;
			sourceTree = "<group>";
		};
		3789A3D01C81279900531BFB /* 网易新闻 */ = {
			isa = PBXGroup;
			children = (
				3789A4111C81671200531BFB /* Home */,
				3789A3E81C812A2000531BFB /* Tool */,
				3789A3F31C812A2D00531BFB /* News */,
				3789A3D41C81279900531BFB /* AppDelegate.h */,
				3789A3D51C81279900531BFB /* AppDelegate.m */,
				3789A3DD1C81279900531BFB /* Assets.xcassets */,
				3789A3DF1C81279900531BFB /* LaunchScreen.storyboard */,
				3789A3E21C81279900531BFB /* Info.plist */,
				3789A3D11C81279900531BFB /* Supporting Files */,
			);
			path = "网易新闻";
			sourceTree = "<group>";
		};
		3789A3D11C81279900531BFB /* Supporting Files */ = {
			isa = PBXGroup;
			children = (
				376549C51C83281D001E5DA1 /* topic_news.json */,
				3789A3D21C81279900531BFB /* main.m */,
			);
			name = "Supporting Files";
			sourceTree = "<group>";
		};
		3789A3E81C812A2000531BFB /* Tool */ = {
			isa = PBXGroup;
			children = (
				3789A3E91C812A2000531BFB /* Log */,
				3789A3EC1C812A2000531BFB /* QBApiManager.h */,
				3789A3ED1C812A2000531BFB /* QBApiManager.m */,
				3789A3EE1C812A2000531BFB /* QBHTTPManager.h */,
				3789A3EF1C812A2000531BFB /* QBHTTPManager.m */,
			);
			path = Tool;
			sourceTree = "<group>";
		};
		3789A3E91C812A2000531BFB /* Log */ = {
			isa = PBXGroup;
			children = (
				3789A3EA1C812A2000531BFB /* NSObject+Log.h */,
				3789A3EB1C812A2000531BFB /* NSObject+Log.m */,
			);
			path = Log;
			sourceTree = "<group>";
		};
		3789A3F31C812A2D00531BFB /* News */ = {
			isa = PBXGroup;
			children = (
				3789A3F41C812A2D00531BFB /* Controller */,
				3789A3F91C812A2D00531BFB /* Model */,
				3789A4001C812A2D00531BFB /* View */,
			);
			path = News;
			sourceTree = "<group>";
		};
		3789A3F41C812A2D00531BFB /* Controller */ = {
			isa = PBXGroup;
			children = (
				3789A3F51C812A2D00531BFB /* QBHeadLineController.h */,
				3789A3F61C812A2D00531BFB /* QBHeadLineController.m */,
				3789A3F71C812A2D00531BFB /* QBNewsController.h */,
				3789A3F81C812A2D00531BFB /* QBNewsController.m */,
			);
			path = Controller;
			sourceTree = "<group>";
		};
		3789A3F91C812A2D00531BFB /* Model */ = {
			isa = PBXGroup;
			children = (
				3789A3FA1C812A2D00531BFB /* QBHeadLineModel.h */,
				3789A3FB1C812A2D00531BFB /* QBHeadLineModel.m */,
				3789A3FC1C812A2D00531BFB /* QBNewsImageModel.h */,
				3789A3FD1C812A2D00531BFB /* QBNewsImageModel.m */,
				3789A3FE1C812A2D00531BFB /* QBNewsModel.h */,
				3789A3FF1C812A2D00531BFB /* QBNewsModel.m */,
			);
			path = Model;
			sourceTree = "<group>";
		};
		3789A4001C812A2D00531BFB /* View */ = {
			isa = PBXGroup;
			children = (
				3789A4011C812A2D00531BFB /* News.storyboard */,
				3789A4021C812A2D00531BFB /* QBHeadLineCell.h */,
				3789A4031C812A2D00531BFB /* QBHeadLineCell.m */,
				3789A4041C812A2D00531BFB /* QBNewsCell.h */,
				3789A4051C812A2D00531BFB /* QBNewsCell.m */,
			);
			path = View;
			sourceTree = "<group>";
		};
		3789A4111C81671200531BFB /* Home */ = {
			isa = PBXGroup;
			children = (
				3789A4121C81671200531BFB /* Controller */,
				3789A4131C81671200531BFB /* Model */,
				3789A4161C81671200531BFB /* View */,
			);
			path = Home;
			sourceTree = "<group>";
		};
		3789A4121C81671200531BFB /* Controller */ = {
			isa = PBXGroup;
			children = (
				376549C71C832A22001E5DA1 /* QBHomeController.h */,
				376549C81C832A22001E5DA1 /* QBHomeController.m */,
			);
			path = Controller;
			sourceTree = "<group>";
		};
		3789A4131C81671200531BFB /* Model */ = {
			isa = PBXGroup;
			children = (
				3789A4141C81671200531BFB /* QBChannelModel.h */,
				3789A4151C81671200531BFB /* QBChannelModel.m */,
			);
			path = Model;
			sourceTree = "<group>";
		};
		3789A4161C81671200531BFB /* View */ = {
			isa = PBXGroup;
			children = (
				376549CA1C832AAC001E5DA1 /* Home.storyboard */,
				376549CC1C833245001E5DA1 /* QBChannelLabel.h */,
				376549CD1C833245001E5DA1 /* QBChannelLabel.m */,
				376549CF1C834132001E5DA1 /* QBChannelNewsCell.h */,
				376549D01C834132001E5DA1 /* QBChannelNewsCell.m */,
			);
			path = View;
			sourceTree = "<group>";
		};
		CEC31274C4606B58C76CBDDC /* Frameworks */ = {
			isa = PBXGroup;
			children = (
				E272C6EF892CAC5B57499175 /* libPods.a */,
			);
			name = Frameworks;
			sourceTree = "<group>";
		};
/* End PBXGroup section */

/* Begin PBXNativeTarget section */
		3789A3CD1C81279900531BFB /* 网易新闻 */ = {
			isa = PBXNativeTarget;
			buildConfigurationList = 3789A3E51C81279900531BFB /* Build configuration list for PBXNativeTarget "网易新闻" */;
			buildPhases = (
				0127B1C2727984F0A65DDBC6 /* Check Pods Manifest.lock */,
				3789A3CA1C81279900531BFB /* Sources */,
				3789A3CB1C81279900531BFB /* Frameworks */,
				3789A3CC1C81279900531BFB /* Resources */,
				DECEE1C0BAB58C0FDD0D3327 /* Embed Pods Frameworks */,
				80BDF1D0E5DA968CC08794B4 /* Copy Pods Resources */,
			);
			buildRules = (
			);
			dependencies = (
			);
			name = "网易新闻";
			productName = "网易新闻";
			productReference = 3789A3CE1C81279900531BFB /* 网易新闻.app */;
			productType = "com.apple.product-type.application";
		};
/* End PBXNativeTarget section */

/* Begin PBXProject section */
		3789A3C61C81279900531BFB /* Project object */ = {
			isa = PBXProject;
			attributes = {
				CLASSPREFIX = QB;
				LastUpgradeCheck = 0720;
				ORGANIZATIONNAME = bing;
				TargetAttributes = {
					3789A3CD1C81279900531BFB = {
						CreatedOnToolsVersion = 7.2;
						DevelopmentTeam = MCXBZS37V8;
					};
				};
			};
			buildConfigurationList = 3789A3C91C81279900531BFB /* Build configuration list for PBXProject "网易新闻" */;
			compatibilityVersion = "Xcode 3.2";
			developmentRegion = English;
			hasScannedForEncodings = 0;
			knownRegions = (
				en,
				Base,
			);
			mainGroup = 3789A3C51C81279900531BFB;
			productRefGroup = 3789A3CF1C81279900531BFB /* Products */;
			projectDirPath = "";
			projectRoot = "";
			targets = (
				3789A3CD1C81279900531BFB /* 网易新闻 */,
			);
		};
/* End PBXProject section */

/* Begin PBXResourcesBuildPhase section */
		3789A3CC1C81279900531BFB /* Resources */ = {
			isa = PBXResourcesBuildPhase;
			buildActionMask = 2147483647;
			files = (
				3789A3E11C81279900531BFB /* LaunchScreen.storyboard in Resources */,
				376549CB1C832AAC001E5DA1 /* Home.storyboard in Resources */,
				3789A40B1C812A2D00531BFB /* News.storyboard in Resources */,
				376549C61C83281D001E5DA1 /* topic_news.json in Resources */,
				3789A3DE1C81279900531BFB /* Assets.xcassets in Resources */,
			);
			runOnlyForDeploymentPostprocessing = 0;
		};
/* End PBXResourcesBuildPhase section */

/* Begin PBXShellScriptBuildPhase section */
		0127B1C2727984F0A65DDBC6 /* Check Pods Manifest.lock */ = {
			isa = PBXShellScriptBuildPhase;
			buildActionMask = 2147483647;
			files = (
			);
			inputPaths = (
			);
			name = "Check Pods Manifest.lock";
			outputPaths = (
			);
			runOnlyForDeploymentPostprocessing = 0;
			shellPath = /bin/sh;
			shellScript = "diff \"${PODS_ROOT}/../Podfile.lock\" \"${PODS_ROOT}/Manifest.lock\" > /dev/null\nif [[ $? != 0 ]] ; then\n    cat << EOM\nerror: The sandbox is not in sync with the Podfile.lock. Run 'pod install' or update your CocoaPods installation.\nEOM\n    exit 1\nfi\n";
			showEnvVarsInLog = 0;
		};
		80BDF1D0E5DA968CC08794B4 /* Copy Pods Resources */ = {
			isa = PBXShellScriptBuildPhase;
			buildActionMask = 2147483647;
			files = (
			);
			inputPaths = (
			);
			name = "Copy Pods Resources";
			outputPaths = (
			);
			runOnlyForDeploymentPostprocessing = 0;
			shellPath = /bin/sh;
			shellScript = "\"${SRCROOT}/Pods/Target Support Files/Pods/Pods-resources.sh\"\n";
			showEnvVarsInLog = 0;
		};
		DECEE1C0BAB58C0FDD0D3327 /* Embed Pods Frameworks */ = {
			isa = PBXShellScriptBuildPhase;
			buildActionMask = 2147483647;
			files = (
			);
			inputPaths = (
			);
			name = "Embed Pods Frameworks";
			outputPaths = (
			);
			runOnlyForDeploymentPostprocessing = 0;
			shellPath = /bin/sh;
			shellScript = "\"${SRCROOT}/Pods/Target Support Files/Pods/Pods-frameworks.sh\"\n";
			showEnvVarsInLog = 0;
		};
/* End PBXShellScriptBuildPhase section */

/* Begin PBXSourcesBuildPhase section */
		3789A3CA1C81279900531BFB /* Sources */ = {
			isa = PBXSourcesBuildPhase;
			buildActionMask = 2147483647;
			files = (
				3789A4061C812A2D00531BFB /* QBHeadLineController.m in Sources */,
				3789A4091C812A2D00531BFB /* QBNewsImageModel.m in Sources */,
				3789A3D61C81279900531BFB /* AppDelegate.m in Sources */,
				3789A40D1C812A2D00531BFB /* QBNewsCell.m in Sources */,
				3789A4081C812A2D00531BFB /* QBHeadLineModel.m in Sources */,
				376549C91C832A22001E5DA1 /* QBHomeController.m in Sources */,
				3789A4071C812A2D00531BFB /* QBNewsController.m in Sources */,
				376549D11C834132001E5DA1 /* QBChannelNewsCell.m in Sources */,
				3789A40C1C812A2D00531BFB /* QBHeadLineCell.m in Sources */,
				3789A3F21C812A2000531BFB /* QBHTTPManager.m in Sources */,
				3789A3F11C812A2000531BFB /* QBApiManager.m in Sources */,
				3789A3D31C81279900531BFB /* main.m in Sources */,
				3789A3F01C812A2000531BFB /* NSObject+Log.m in Sources */,
				376549CE1C833245001E5DA1 /* QBChannelLabel.m in Sources */,
				3789A4171C81671200531BFB /* QBChannelModel.m in Sources */,
				3789A40A1C812A2D00531BFB /* QBNewsModel.m in Sources */,
			);
			runOnlyForDeploymentPostprocessing = 0;
		};
/* End PBXSourcesBuildPhase section */

/* Begin PBXVariantGroup section */
		3789A3DF1C81279900531BFB /* LaunchScreen.storyboard */ = {
			isa = PBXVariantGroup;
			children = (
				3789A3E01C81279900531BFB /* Base */,
			);
			name = LaunchScreen.storyboard;
			sourceTree = "<group>";
		};
/* End PBXVariantGroup section */

/* Begin XCBuildConfiguration section */
		3789A3E31C81279900531BFB /* Debug */ = {
			isa = XCBuildConfiguration;
			buildSettings = {
				ALWAYS_SEARCH_USER_PATHS = NO;
				CLANG_CXX_LANGUAGE_STANDARD = "gnu++0x";
				CLANG_CXX_LIBRARY = "libc++";
				CLANG_ENABLE_MODULES = YES;
				CLANG_ENABLE_OBJC_ARC = YES;
				CLANG_WARN_BOOL_CONVERSION = YES;
				CLANG_WARN_CONSTANT_CONVERSION = YES;
				CLANG_WARN_DIRECT_OBJC_ISA_USAGE = YES_ERROR;
				CLANG_WARN_EMPTY_BODY = YES;
				CLANG_WARN_ENUM_CONVERSION = YES;
				CLANG_WARN_INT_CONVERSION = YES;
				CLANG_WARN_OBJC_ROOT_CLASS = YES_ERROR;
				CLANG_WARN_UNREACHABLE_CODE = YES;
				CLANG_WARN__DUPLICATE_METHOD_MATCH = YES;
				"CODE_SIGN_IDENTITY[sdk=iphoneos*]" = "iPhone Developer";
				COPY_PHASE_STRIP = NO;
				DEBUG_INFORMATION_FORMAT = dwarf;
				ENABLE_STRICT_OBJC_MSGSEND = YES;
				ENABLE_TESTABILITY = YES;
				GCC_C_LANGUAGE_STANDARD = gnu99;
				GCC_DYNAMIC_NO_PIC = NO;
				GCC_NO_COMMON_BLOCKS = YES;
				GCC_OPTIMIZATION_LEVEL = 0;
				GCC_PREPROCESSOR_DEFINITIONS = (
					"DEBUG=1",
					"$(inherited)",
				);
				GCC_WARN_64_TO_32_BIT_CONVERSION = YES;
				GCC_WARN_ABOUT_RETURN_TYPE = YES_ERROR;
				GCC_WARN_UNDECLARED_SELECTOR = YES;
				GCC_WARN_UNINITIALIZED_AUTOS = YES_AGGRESSIVE;
				GCC_WARN_UNUSED_FUNCTION = YES;
				GCC_WARN_UNUSED_VARIABLE = YES;
				IPHONEOS_DEPLOYMENT_TARGET = 9.2;
				MTL_ENABLE_DEBUG_INFO = YES;
				ONLY_ACTIVE_ARCH = YES;
				SDKROOT = iphoneos;
			};
			name = Debug;
		};
		3789A3E41C81279900531BFB /* Release */ = {
			isa = XCBuildConfiguration;
			buildSettings = {
				ALWAYS_SEARCH_USER_PATHS = NO;
				CLANG_CXX_LANGUAGE_STANDARD = "gnu++0x";
				CLANG_CXX_LIBRARY = "libc++";
				CLANG_ENABLE_MODULES = YES;
				CLANG_ENABLE_OBJC_ARC = YES;
				CLANG_WARN_BOOL_CONVERSION = YES;
				CLANG_WARN_CONSTANT_CONVERSION = YES;
				CLANG_WARN_DIRECT_OBJC_ISA_USAGE = YES_ERROR;
				CLANG_WARN_EMPTY_BODY = YES;
				CLANG_WARN_ENUM_CONVERSION = YES;
				CLANG_WARN_INT_CONVERSION = YES;
				CLANG_WARN_OBJC_ROOT_CLASS = YES_ERROR;
				CLANG_WARN_UNREACHABLE_CODE = YES;
				CLANG_WARN__DUPLICATE_METHOD_MATCH = YES;
				"CODE_SIGN_IDENTITY[sdk=iphoneos*]" = "iPhone Developer";
				COPY_PHASE_STRIP = NO;
				DEBUG_INFORMATION_FORMAT = "dwarf-with-dsym";
				ENABLE_NS_ASSERTIONS = NO;
				ENABLE_STRICT_OBJC_MSGSEND = YES;
				GCC_C_LANGUAGE_STANDARD = gnu99;
				GCC_NO_COMMON_BLOCKS = YES;
				GCC_WARN_64_TO_32_BIT_CONVERSION = YES;
				GCC_WARN_ABOUT_RETURN_TYPE = YES_ERROR;
				GCC_WARN_UNDECLARED_SELECTOR = YES;
				GCC_WARN_UNINITIALIZED_AUTOS = YES_AGGRESSIVE;
				GCC_WARN_UNUSED_FUNCTION = YES;
				GCC_WARN_UNUSED_VARIABLE = YES;
				IPHONEOS_DEPLOYMENT_TARGET = 9.2;
				MTL_ENABLE_DEBUG_INFO = NO;
				SDKROOT = iphoneos;
				VALIDATE_PRODUCT = YES;
			};
			name = Release;
		};
		3789A3E61C81279900531BFB /* Debug */ = {
			isa = XCBuildConfiguration;
			baseConfigurationReference = 49779A1C2EFEAFB56A0C9181 /* Pods.debug.xcconfig */;
			buildSettings = {
				ASSETCATALOG_COMPILER_APPICON_NAME = AppIcon;
				INFOPLIST_FILE = "网易新闻/Info.plist";
				LD_RUNPATH_SEARCH_PATHS = "$(inherited) @executable_path/Frameworks";
				PRODUCT_BUNDLE_IDENTIFIER = "cn.bing.----";
				PRODUCT_NAME = "$(TARGET_NAME)";
			};
			name = Debug;
		};
		3789A3E71C81279900531BFB /* Release */ = {
			isa = XCBuildConfiguration;
			baseConfigurationReference = EEE6F4FDC7FE65CC1C6A99CB /* Pods.release.xcconfig */;
			buildSettings = {
				ASSETCATALOG_COMPILER_APPICON_NAME = AppIcon;
				INFOPLIST_FILE = "网易新闻/Info.plist";
				LD_RUNPATH_SEARCH_PATHS = "$(inherited) @executable_path/Frameworks";
				PRODUCT_BUNDLE_IDENTIFIER = "cn.bing.----";
				PRODUCT_NAME = "$(TARGET_NAME)";
			};
			name = Release;
		};
/* End XCBuildConfiguration section */

/* Begin XCConfigurationList section */
		3789A3C91C81279900531BFB /* Build configuration list for PBXProject "网易新闻" */ = {
			isa = XCConfigurationList;
			buildConfigurations = (
				3789A3E31C81279900531BFB /* Debug */,
				3789A3E41C81279900531BFB /* Release */,
			);
			defaultConfigurationIsVisible = 0;
			defaultConfigurationName = Release;
		};
		3789A3E51C81279900531BFB /* Build configuration list for PBXNativeTarget "网易新闻" */ = {
			isa = XCConfigurationList;
			buildConfigurations = (
				3789A3E61C81279900531BFB /* Debug */,
				3789A3E71C81279900531BFB /* Release */,
			);
			defaultConfigurationIsVisible = 0;
			defaultConfigurationName = Release;
		};
/* End XCConfigurationList section */
	};
	rootObject = 3789A3C61C81279900531BFB /* Project object */;
}
